
Microsoft Visual Studio Solution File, Format Version 12.00
# Visual Studio Version 16
VisualStudioVersion = 16.0.29418.71
MinimumVisualStudioVersion = 10.0.40219.1
Project("{FAE04EC0-301F-11D3-BF4B-00C04F79EFBC}") = "svanTipuricZadacaPetlje", "svanTipuricZadacaPetlje\svanTipuricZadacaPetlje.csproj", "{F666C37F-8DB4-4D84-AE13-B4A870AD98CE}"
EndProject
Global
	GlobalSection(SolutionConfigurationPlatforms) = preSolution
		Debug|Any CPU = Debug|Any CPU
		Release|Any CPU = Release|Any CPU
	EndGlobalSection
	GlobalSection(ProjectConfigurationPlatforms) = postSolution
		{F666C37F-8DB4-4D84-AE13-B4A870AD98CE}.Debug|Any CPU.ActiveCfg = Debug|Any CPU
		{F666C37F-8DB4-4D84-AE13-B4A870AD98CE}.Debug|Any CPU.Build.0 = Debug|Any CPU
		{F666C37F-8DB4-4D84-AE13-B4A870AD98CE}.Release|Any CPU.ActiveCfg = Release|Any CPU
		{F666C37F-8DB4-4D84-AE13-B4A870AD98CE}.Release|Any CPU.Build.0 = Release|Any CPU
	EndGlobalSection
	GlobalSection(SolutionProperties) = preSolution
		HideSolutionNode = FALSE
	EndGlobalSection
	GlobalSection(ExtensibilityGlobals) = postSolution
		SolutionGuid = {EE71FFC7-C78D-4326-B2C9-00487736434A}
	EndGlobalSection
EndGlobal
